# This file is generated by gogradle automatically, you should NEVER modify it manually.
---
apiVersion: "0.8.0"
dependencies:
  build:
  - urls:
    - "https://github.com/astaxie/beego.git"
    - "git@github.com:astaxie/beego.git"
    vcs: "git"
    name: "github.com/astaxie/beego"
    commit: "053a075344c118a5cc41981b29ef612bb53d20ca"
    transitive: false
  - urls:
    - "https://github.com/eRez-ws/go-stringUtil.git"
    - "git@github.com:eRez-ws/go-stringUtil.git"
    vcs: "git"
    name: "github.com/eRez-ws/go-stringUtil"
    commit: "99cfd8b223c5d556906145bbbb0b3100bbcfb8f2"
    transitive: false
  - urls:
    - "https://github.com/eladSalti/go_test-t.git"
    - "git@github.com:eladSalti/go_test-t.git"
    vcs: "git"
    name: "github.com/eladSalti/go_test-t"
    commit: "99cfd8b223c5d556906145bbbb0b3100bbcfb8f2"
    transitive: false
  - urls:
    - "https://github.com/garyburd/redigo.git"
    - "git@github.com:garyburd/redigo.git"
    vcs: "git"
    name: "github.com/garyburd/redigo"
    commit: "569eae59ada904ea8db7a225c2b47165af08735a"
    transitive: false
  - urls:
    - "https://github.com/google/go-querystring.git"
    - "git@github.com:google/go-querystring.git"
    vcs: "git"
    name: "github.com/google/go-querystring"
    commit: "44c6ddd0a2342c386950e880b658017258da92fc"
    transitive: false
  - name: "golang.org/x/crypto"
    host:
      name: "github.com/astaxie/beego"
      commit: "053a075344c118a5cc41981b29ef612bb53d20ca"
      urls:
      - "https://github.com/astaxie/beego.git"
      - "git@github.com:astaxie/beego.git"
      vcs: "git"
    vendorPath: "vendor/golang.org/x/crypto"
    transitive: false
  - name: "golang.org/x/net"
    host:
      name: "github.com/astaxie/beego"
      commit: "053a075344c118a5cc41981b29ef612bb53d20ca"
      urls:
      - "https://github.com/astaxie/beego.git"
      - "git@github.com:astaxie/beego.git"
      vcs: "git"
    vendorPath: "vendor/golang.org/x/net"
    transitive: false
  - name: "google.golang.org/appengine"
    host:
      name: "github.com/astaxie/beego"
      commit: "053a075344c118a5cc41981b29ef612bb53d20ca"
      urls:
      - "https://github.com/astaxie/beego.git"
      - "git@github.com:astaxie/beego.git"
      vcs: "git"
    vendorPath: "vendor/google.golang.org/appengine"
    transitive: false
  - name: "gopkg.in/yaml.v2"
    host:
      name: "github.com/astaxie/beego"
      commit: "053a075344c118a5cc41981b29ef612bb53d20ca"
      urls:
      - "https://github.com/astaxie/beego.git"
      - "git@github.com:astaxie/beego.git"
      vcs: "git"
    vendorPath: "vendor/gopkg.in/yaml.v2"
    transitive: false
  test: []
